
Microsoft Visual Studio Solution File, Format Version 12.00
# Visual Studio Version 16
VisualStudioVersion = 16.0.29926.136
MinimumVisualStudioVersion = 10.0.40219.1
Project("{888888A0-9F3D-457C-B088-3A5042F75D52}") = "LSTM_Keras_pollution", "LSTM_Keras_pollution\LSTM_Keras_pollution.pyproj", "{0700D683-730C-4430-B1B7-32E772B9F58D}"
EndProject
Global
	GlobalSection(SolutionConfigurationPlatforms) = preSolution
		Debug|Any CPU = Debug|Any CPU
		Release|Any CPU = Release|Any CPU
	EndGlobalSection
	GlobalSection(ProjectConfigurationPlatforms) = postSolution
		{0700D683-730C-4430-B1B7-32E772B9F58D}.Debug|Any CPU.ActiveCfg = Debug|Any CPU
		{0700D683-730C-4430-B1B7-32E772B9F58D}.Release|Any CPU.ActiveCfg = Release|Any CPU
	EndGlobalSection
	GlobalSection(SolutionProperties) = preSolution
		HideSolutionNode = FALSE
	EndGlobalSection
	GlobalSection(ExtensibilityGlobals) = postSolution
		SolutionGuid = {E67267D8-9F17-4094-80FD-94DCAC582BE1}
	EndGlobalSection
EndGlobal
