
Microsoft Visual Studio Solution File, Format Version 12.00
# Visual Studio Version 16
VisualStudioVersion = 16.0.31005.135
MinimumVisualStudioVersion = 10.0.40219.1
Project("{888888A0-9F3D-457C-B088-3A5042F75D52}") = "keras_lstm_sine_stock", "keras_lstm_sine_stock\keras_lstm_sine_stock.pyproj", "{283D742D-AC15-4D00-B6F6-8D76C28F0287}"
EndProject
Global
	GlobalSection(SolutionConfigurationPlatforms) = preSolution
		Debug|Any CPU = Debug|Any CPU
		Release|Any CPU = Release|Any CPU
	EndGlobalSection
	GlobalSection(ProjectConfigurationPlatforms) = postSolution
		{283D742D-AC15-4D00-B6F6-8D76C28F0287}.Debug|Any CPU.ActiveCfg = Debug|Any CPU
		{283D742D-AC15-4D00-B6F6-8D76C28F0287}.Release|Any CPU.ActiveCfg = Release|Any CPU
	EndGlobalSection
	GlobalSection(SolutionProperties) = preSolution
		HideSolutionNode = FALSE
	EndGlobalSection
	GlobalSection(ExtensibilityGlobals) = postSolution
		SolutionGuid = {13D1855B-074A-45A0-B8EB-3BF50E79B3E8}
	EndGlobalSection
EndGlobal
