
Microsoft Visual Studio Solution File, Format Version 12.00
# Visual Studio Version 16
VisualStudioVersion = 16.0.31005.135
MinimumVisualStudioVersion = 10.0.40219.1
Project("{888888A0-9F3D-457C-B088-3A5042F75D52}") = "keras_stock_lstm", "keras_stock_lstm\keras_stock_lstm.pyproj", "{93026CD2-D432-44F2-905F-5BB497F29B00}"
EndProject
Global
	GlobalSection(SolutionConfigurationPlatforms) = preSolution
		Debug|Any CPU = Debug|Any CPU
		Release|Any CPU = Release|Any CPU
	EndGlobalSection
	GlobalSection(ProjectConfigurationPlatforms) = postSolution
		{93026CD2-D432-44F2-905F-5BB497F29B00}.Debug|Any CPU.ActiveCfg = Debug|Any CPU
		{93026CD2-D432-44F2-905F-5BB497F29B00}.Release|Any CPU.ActiveCfg = Release|Any CPU
	EndGlobalSection
	GlobalSection(SolutionProperties) = preSolution
		HideSolutionNode = FALSE
	EndGlobalSection
	GlobalSection(ExtensibilityGlobals) = postSolution
		SolutionGuid = {F0B0033C-6539-4FB7-9226-9947600337D1}
	EndGlobalSection
EndGlobal
